
Microsoft Visual Studio Solution File, Format Version 12.00
Project("{FAE04EC0-301F-11D3-BF4B-00C04F79EFBC}") = "Lab4", "Lab4\Lab4.csproj", "{E4168039-6A8D-4747-A795-00BBB08237E0}"
EndProject
Project("{FAE04EC0-301F-11D3-BF4B-00C04F79EFBC}") = "Indexer Demo", "Indexer Demo\Indexer Demo.csproj", "{4908834D-215C-4505-90EA-D31A6AD39672}"
EndProject
Project("{FAE04EC0-301F-11D3-BF4B-00C04F79EFBC}") = "Part4", "Part4\Part4.csproj", "{B61F531E-0D2F-48FA-8CC1-B38FA11C2DD2}"
EndProject
Global
	GlobalSection(SolutionConfigurationPlatforms) = preSolution
		Debug|Any CPU = Debug|Any CPU
		Release|Any CPU = Release|Any CPU
	EndGlobalSection
	GlobalSection(ProjectConfigurationPlatforms) = postSolution
		{E4168039-6A8D-4747-A795-00BBB08237E0}.Debug|Any CPU.ActiveCfg = Debug|Any CPU
		{E4168039-6A8D-4747-A795-00BBB08237E0}.Debug|Any CPU.Build.0 = Debug|Any CPU
		{E4168039-6A8D-4747-A795-00BBB08237E0}.Release|Any CPU.ActiveCfg = Release|Any CPU
		{E4168039-6A8D-4747-A795-00BBB08237E0}.Release|Any CPU.Build.0 = Release|Any CPU
		{4908834D-215C-4505-90EA-D31A6AD39672}.Debug|Any CPU.ActiveCfg = Debug|Any CPU
		{4908834D-215C-4505-90EA-D31A6AD39672}.Debug|Any CPU.Build.0 = Debug|Any CPU
		{4908834D-215C-4505-90EA-D31A6AD39672}.Release|Any CPU.ActiveCfg = Release|Any CPU
		{4908834D-215C-4505-90EA-D31A6AD39672}.Release|Any CPU.Build.0 = Release|Any CPU
		{B61F531E-0D2F-48FA-8CC1-B38FA11C2DD2}.Debug|Any CPU.ActiveCfg = Debug|Any CPU
		{B61F531E-0D2F-48FA-8CC1-B38FA11C2DD2}.Debug|Any CPU.Build.0 = Debug|Any CPU
		{B61F531E-0D2F-48FA-8CC1-B38FA11C2DD2}.Release|Any CPU.ActiveCfg = Release|Any CPU
		{B61F531E-0D2F-48FA-8CC1-B38FA11C2DD2}.Release|Any CPU.Build.0 = Release|Any CPU
	EndGlobalSection
EndGlobal
